{
  "originHash" : "cbb569fc3b1db94f0e278b59d5ae70351c0411dcddd7ef135555e39ae9a49b66",
  "pins" : [
    {
      "identity" : "mba-kit",
      "kind" : "remoteSourceControl",
      "location" : "https://github.com/MBKwon/MBA-kit",
      "state" : {
        "revision" : "5905bd6d0adf9fe21bc318010a2710eb6ef801ea",
        "version" : "0.9.9"
      }
    },
    {
      "identity" : "resultextensions",
      "kind" : "remoteSourceControl",
      "location" : "https://github.com/MBKwon/ResultExtensions",
      "state" : {
        "revision" : "60c252f7a57c8b64f51bb566722e5654756901db",
        "version" : "0.9.5"
      }
    }
  ],
  "version" : 3
}
